// !$*UTF8*$!
{
	archiveVersion = 1;
	classes = {
	};
	objectVersion = 55;
	objects = {

/* Begin PBXBuildFile section */
		C669A838282C0D2100438E40 /* BuildNetflixCloneApp.swift in Sources */ = {isa = PBXBuildFile; fileRef = C669A837282C0D2100438E40 /* BuildNetflixCloneApp.swift */; };
		C669A83A282C0D2100438E40 /* ContentView.swift in Sources */ = {isa = PBXBuildFile; fileRef = C669A839282C0D2100438E40 /* ContentView.swift */; };
		C669A83C282C0D2200438E40 /* Assets.xcassets in Resources */ = {isa = PBXBuildFile; fileRef = C669A83B282C0D2200438E40 /* Assets.xcassets */; };
		C669A83F282C0D2200438E40 /* Preview Assets.xcassets in Resources */ = {isa = PBXBuildFile; fileRef = C669A83E282C0D2200438E40 /* Preview Assets.xcassets */; };
		C669A846282C0DA900438E40 /* HomeView.swift in Sources */ = {isa = PBXBuildFile; fileRef = C669A845282C0DA900438E40 /* HomeView.swift */; };
		C669A84A282C106300438E40 /* Kingfisher in Frameworks */ = {isa = PBXBuildFile; productRef = C669A849282C106300438E40 /* Kingfisher */; };
		C669A84C282C10C600438E40 /* Movie.swift in Sources */ = {isa = PBXBuildFile; fileRef = C669A84B282C10C600438E40 /* Movie.swift */; };
		C669A84E282C112500438E40 /* StandardHomeMovieView.swift in Sources */ = {isa = PBXBuildFile; fileRef = C669A84D282C112500438E40 /* StandardHomeMovieView.swift */; };
		C669A850282C119100438E40 /* GlobalHelpers.swift in Sources */ = {isa = PBXBuildFile; fileRef = C669A84F282C119100438E40 /* GlobalHelpers.swift */; };
		C6FCA1D4282D3F28002E52F3 /* HomeVM.swift in Sources */ = {isa = PBXBuildFile; fileRef = C6FCA1D3282D3F28002E52F3 /* HomeVM.swift */; };
/* End PBXBuildFile section */

/* Begin PBXFileReference section */
		C669A834282C0D2100438E40 /* BuildNetflixClone.app */ = {isa = PBXFileReference; explicitFileType = wrapper.application; includeInIndex = 0; path = BuildNetflixClone.app; sourceTree = BUILT_PRODUCTS_DIR; };
		C669A837282C0D2100438E40 /* BuildNetflixCloneApp.swift */ = {isa = PBXFileReference; lastKnownFileType = sourcecode.swift; path = BuildNetflixCloneApp.swift; sourceTree = "<group>"; };
		C669A839282C0D2100438E40 /* ContentView.swift */ = {isa = PBXFileReference; lastKnownFileType = sourcecode.swift; path = ContentView.swift; sourceTree = "<group>"; };
		C669A83B282C0D2200438E40 /* Assets.xcassets */ = {isa = PBXFileReference; lastKnownFileType = folder.assetcatalog; path = Assets.xcassets; sourceTree = "<group>"; };
		C669A83E282C0D2200438E40 /* Preview Assets.xcassets */ = {isa = PBXFileReference; lastKnownFileType = folder.assetcatalog; path = "Preview Assets.xcassets"; sourceTree = "<group>"; };
		C669A845282C0DA900438E40 /* HomeView.swift */ = {isa = PBXFileReference; lastKnownFileType = sourcecode.swift; path = HomeView.swift; sourceTree = "<group>"; };
		C669A84B282C10C600438E40 /* Movie.swift */ = {isa = PBXFileReference; lastKnownFileType = sourcecode.swift; path = Movie.swift; sourceTree = "<group>"; };
		C669A84D282C112500438E40 /* StandardHomeMovieView.swift */ = {isa = PBXFileReference; lastKnownFileType = sourcecode.swift; path = StandardHomeMovieView.swift; sourceTree = "<group>"; };
		C669A84F282C119100438E40 /* GlobalHelpers.swift */ = {isa = PBXFileReference; lastKnownFileType = sourcecode.swift; path = GlobalHelpers.swift; sourceTree = "<group>"; };
		C6FCA1D3282D3F28002E52F3 /* HomeVM.swift */ = {isa = PBXFileReference; lastKnownFileType = sourcecode.swift; path = HomeVM.swift; sourceTree = "<group>"; };
/* End PBXFileReference section */

/* Begin PBXFrameworksBuildPhase section */
		C669A831282C0D2100438E40 /* Frameworks */ = {
			isa = PBXFrameworksBuildPhase;
			buildActionMask = 2147483647;
			files = (
				C669A84A282C106300438E40 /* Kingfisher in Frameworks */,
			);
			runOnlyForDeploymentPostprocessing = 0;
		};
/* End PBXFrameworksBuildPhase section */

/* Begin PBXGroup section */
		C669A82B282C0D2100438E40 = {
			isa = PBXGroup;
			children = (
				C669A836282C0D2100438E40 /* BuildNetflixClone */,
				C669A835282C0D2100438E40 /* Products */,
			);
			sourceTree = "<group>";
		};
		C669A835282C0D2100438E40 /* Products */ = {
			isa = PBXGroup;
			children = (
				C669A834282C0D2100438E40 /* BuildNetflixClone.app */,
			);
			name = Products;
			sourceTree = "<group>";
		};
		C669A836282C0D2100438E40 /* BuildNetflixClone */ = {
			isa = PBXGroup;
			children = (
				C669A84B282C10C600438E40 /* Movie.swift */,
				C669A847282C0DAD00438E40 /* Home */,
				C669A839282C0D2100438E40 /* ContentView.swift */,
				C669A837282C0D2100438E40 /* BuildNetflixCloneApp.swift */,
				C669A83B282C0D2200438E40 /* Assets.xcassets */,
				C669A83D282C0D2200438E40 /* Preview Content */,
				C669A84D282C112500438E40 /* StandardHomeMovieView.swift */,
				C669A84F282C119100438E40 /* GlobalHelpers.swift */,
			);
			path = BuildNetflixClone;
			sourceTree = "<group>";
		};
		C669A83D282C0D2200438E40 /* Preview Content */ = {
			isa = PBXGroup;
			children = (
				C669A83E282C0D2200438E40 /* Preview Assets.xcassets */,
			);
			path = "Preview Content";
			sourceTree = "<group>";
		};
		C669A847282C0DAD00438E40 /* Home */ = {
			isa = PBXGroup;
			children = (
				C669A845282C0DA900438E40 /* HomeView.swift */,
				C6FCA1D3282D3F28002E52F3 /* HomeVM.swift */,
			);
			path = Home;
			sourceTree = "<group>";
		};
/* End PBXGroup section */

/* Begin PBXNativeTarget section */
		C669A833282C0D2100438E40 /* BuildNetflixClone */ = {
			isa = PBXNativeTarget;
			buildConfigurationList = C669A842282C0D2200438E40 /* Build configuration list for PBXNativeTarget "BuildNetflixClone" */;
			buildPhases = (
				C669A830282C0D2100438E40 /* Sources */,
				C669A831282C0D2100438E40 /* Frameworks */,
				C669A832282C0D2100438E40 /* Resources */,
			);
			buildRules = (
			);
			dependencies = (
			);
			name = BuildNetflixClone;
			packageProductDependencies = (
				C669A849282C106300438E40 /* Kingfisher */,
			);
			productName = BuildNetflixClone;
			productReference = C669A834282C0D2100438E40 /* BuildNetflixClone.app */;
			productType = "com.apple.product-type.application";
		};
/* End PBXNativeTarget section */

/* Begin PBXProject section */
		C669A82C282C0D2100438E40 /* Project object */ = {
			isa = PBXProject;
			attributes = {
				BuildIndependentTargetsInParallel = 1;
				LastSwiftUpdateCheck = 1330;
				LastUpgradeCheck = 1330;
				TargetAttributes = {
					C669A833282C0D2100438E40 = {
						CreatedOnToolsVersion = 13.3.1;
					};
				};
			};
			buildConfigurationList = C669A82F282C0D2100438E40 /* Build configuration list for PBXProject "BuildNetflixClone" */;
			compatibilityVersion = "Xcode 13.0";
			developmentRegion = en;
			hasScannedForEncodings = 0;
			knownRegions = (
				en,
				Base,
			);
			mainGroup = C669A82B282C0D2100438E40;
			packageReferences = (
				C669A848282C106300438E40 /* XCRemoteSwiftPackageReference "Kingfisher" */,
			);
			productRefGroup = C669A835282C0D2100438E40 /* Products */;
			projectDirPath = "";
			projectRoot = "";
			targets = (
				C669A833282C0D2100438E40 /* BuildNetflixClone */,
			);
		};
/* End PBXProject section */

/* Begin PBXResourcesBuildPhase section */
		C669A832282C0D2100438E40 /* Resources */ = {
			isa = PBXResourcesBuildPhase;
			buildActionMask = 2147483647;
			files = (
				C669A83F282C0D2200438E40 /* Preview Assets.xcassets in Resources */,
				C669A83C282C0D2200438E40 /* Assets.xcassets in Resources */,
			);
			runOnlyForDeploymentPostprocessing = 0;
		};
/* End PBXResourcesBuildPhase section */

/* Begin PBXSourcesBuildPhase section */
		C669A830282C0D2100438E40 /* Sources */ = {
			isa = PBXSourcesBuildPhase;
			buildActionMask = 2147483647;
			files = (
				C669A850282C119100438E40 /* GlobalHelpers.swift in Sources */,
				C669A846282C0DA900438E40 /* HomeView.swift in Sources */,
				C6FCA1D4282D3F28002E52F3 /* HomeVM.swift in Sources */,
				C669A83A282C0D2100438E40 /* ContentView.swift in Sources */,
				C669A84C282C10C600438E40 /* Movie.swift in Sources */,
				C669A838282C0D2100438E40 /* BuildNetflixCloneApp.swift in Sources */,
				C669A84E282C112500438E40 /* StandardHomeMovieView.swift in Sources */,
			);
			runOnlyForDeploymentPostprocessing = 0;
		};
/* End PBXSourcesBuildPhase section */

/* Begin XCBuildConfiguration section */
		C669A840282C0D2200438E40 /* Debug */ = {
			isa = XCBuildConfiguration;
			buildSettings = {
				ALWAYS_SEARCH_USER_PATHS = NO;
				CLANG_ANALYZER_NONNULL = YES;
				CLANG_ANALYZER_NUMBER_OBJECT_CONVERSION = YES_AGGRESSIVE;
				CLANG_CXX_LANGUAGE_STANDARD = "gnu++17";
				CLANG_ENABLE_MODULES = YES;
				CLANG_ENABLE_OBJC_ARC = YES;
				CLANG_ENABLE_OBJC_WEAK = YES;
				CLANG_WARN_BLOCK_CAPTURE_AUTORELEASING = YES;
				CLANG_WARN_BOOL_CONVERSION = YES;
				CLANG_WARN_COMMA = YES;
				CLANG_WARN_CONSTANT_CONVERSION = YES;
				CLANG_WARN_DEPRECATED_OBJC_IMPLEMENTATIONS = YES;
				CLANG_WARN_DIRECT_OBJC_ISA_USAGE = YES_ERROR;
				CLANG_WARN_DOCUMENTATION_COMMENTS = YES;
				CLANG_WARN_EMPTY_BODY = YES;
				CLANG_WARN_ENUM_CONVERSION = YES;
				CLANG_WARN_INFINITE_RECURSION = YES;
				CLANG_WARN_INT_CONVERSION = YES;
				CLANG_WARN_NON_LITERAL_NULL_CONVERSION = YES;
				CLANG_WARN_OBJC_IMPLICIT_RETAIN_SELF = YES;
				CLANG_WARN_OBJC_LITERAL_CONVERSION = YES;
				CLANG_WARN_OBJC_ROOT_CLASS = YES_ERROR;
				CLANG_WARN_QUOTED_INCLUDE_IN_FRAMEWORK_HEADER = YES;
				CLANG_WARN_RANGE_LOOP_ANALYSIS = YES;
				CLANG_WARN_STRICT_PROTOTYPES = YES;
				CLANG_WARN_SUSPICIOUS_MOVE = YES;
				CLANG_WARN_UNGUARDED_AVAILABILITY = YES_AGGRESSIVE;
				CLANG_WARN_UNREACHABLE_CODE = YES;
				CLANG_WARN__DUPLICATE_METHOD_MATCH = YES;
				COPY_PHASE_STRIP = NO;
				DEBUG_INFORMATION_FORMAT = dwarf;
				ENABLE_STRICT_OBJC_MSGSEND = YES;
				ENABLE_TESTABILITY = YES;
				GCC_C_LANGUAGE_STANDARD = gnu11;
				GCC_DYNAMIC_NO_PIC = NO;
				GCC_NO_COMMON_BLOCKS = YES;
				GCC_OPTIMIZATION_LEVEL = 0;
				GCC_PREPROCESSOR_DEFINITIONS = (
					"DEBUG=1",
					"$(inherited)",
				);
				GCC_WARN_64_TO_32_BIT_CONVERSION = YES;
				GCC_WARN_ABOUT_RETURN_TYPE = YES_ERROR;
				GCC_WARN_UNDECLARED_SELECTOR = YES;
				GCC_WARN_UNINITIALIZED_AUTOS = YES_AGGRESSIVE;
				GCC_WARN_UNUSED_FUNCTION = YES;
				GCC_WARN_UNUSED_VARIABLE = YES;
				IPHONEOS_DEPLOYMENT_TARGET = 15.4;
				MTL_ENABLE_DEBUG_INFO = INCLUDE_SOURCE;
				MTL_FAST_MATH = YES;
				ONLY_ACTIVE_ARCH = YES;
				SDKROOT = iphoneos;
				SWIFT_ACTIVE_COMPILATION_CONDITIONS = DEBUG;
				SWIFT_OPTIMIZATION_LEVEL = "-Onone";
			};
			name = Debug;
		};
		C669A841282C0D2200438E40 /* Release */ = {
			isa = XCBuildConfiguration;
			buildSettings = {
				ALWAYS_SEARCH_USER_PATHS = NO;
				CLANG_ANALYZER_NONNULL = YES;
				CLANG_ANALYZER_NUMBER_OBJECT_CONVERSION = YES_AGGRESSIVE;
				CLANG_CXX_LANGUAGE_STANDARD = "gnu++17";
				CLANG_ENABLE_MODULES = YES;
				CLANG_ENABLE_OBJC_ARC = YES;
				CLANG_ENABLE_OBJC_WEAK = YES;
				CLANG_WARN_BLOCK_CAPTURE_AUTORELEASING = YES;
				CLANG_WARN_BOOL_CONVERSION = YES;
				CLANG_WARN_COMMA = YES;
				CLANG_WARN_CONSTANT_CONVERSION = YES;
				CLANG_WARN_DEPRECATED_OBJC_IMPLEMENTATIONS = YES;
				CLANG_WARN_DIRECT_OBJC_ISA_USAGE = YES_ERROR;
				CLANG_WARN_DOCUMENTATION_COMMENTS = YES;
				CLANG_WARN_EMPTY_BODY = YES;
				CLANG_WARN_ENUM_CONVERSION = YES;
				CLANG_WARN_INFINITE_RECURSION = YES;
				CLANG_WARN_INT_CONVERSION = YES;
				CLANG_WARN_NON_LITERAL_NULL_CONVERSION = YES;
				CLANG_WARN_OBJC_IMPLICIT_RETAIN_SELF = YES;
				CLANG_WARN_OBJC_LITERAL_CONVERSION = YES;
				CLANG_WARN_OBJC_ROOT_CLASS = YES_ERROR;
				CLANG_WARN_QUOTED_INCLUDE_IN_FRAMEWORK_HEADER = YES;
				CLANG_WARN_RANGE_LOOP_ANALYSIS = YES;
				CLANG_WARN_STRICT_PROTOTYPES = YES;
				CLANG_WARN_SUSPICIOUS_MOVE = YES;
				CLANG_WARN_UNGUARDED_AVAILABILITY = YES_AGGRESSIVE;
				CLANG_WARN_UNREACHABLE_CODE = YES;
				CLANG_WARN__DUPLICATE_METHOD_MATCH = YES;
				COPY_PHASE_STRIP = NO;
				DEBUG_INFORMATION_FORMAT = "dwarf-with-dsym";
				ENABLE_NS_ASSERTIONS = NO;
				ENABLE_STRICT_OBJC_MSGSEND = YES;
				GCC_C_LANGUAGE_STANDARD = gnu11;
				GCC_NO_COMMON_BLOCKS = YES;
				GCC_WARN_64_TO_32_BIT_CONVERSION = YES;
				GCC_WARN_ABOUT_RETURN_TYPE = YES_ERROR;
				GCC_WARN_UNDECLARED_SELECTOR = YES;
				GCC_WARN_UNINITIALIZED_AUTOS = YES_AGGRESSIVE;
				GCC_WARN_UNUSED_FUNCTION = YES;
				GCC_WARN_UNUSED_VARIABLE = YES;
				IPHONEOS_DEPLOYMENT_TARGET = 15.4;
				MTL_ENABLE_DEBUG_INFO = NO;
				MTL_FAST_MATH = YES;
				SDKROOT = iphoneos;
				SWIFT_COMPILATION_MODE = wholemodule;
				SWIFT_OPTIMIZATION_LEVEL = "-O";
				VALIDATE_PRODUCT = YES;
			};
			name = Release;
		};
		C669A843282C0D2200438E40 /* Debug */ = {
			isa = XCBuildConfiguration;
			buildSettings = {
				ASSETCATALOG_COMPILER_APPICON_NAME = AppIcon;
				ASSETCATALOG_COMPILER_GLOBAL_ACCENT_COLOR_NAME = AccentColor;
				CODE_SIGN_STYLE = Automatic;
				CURRENT_PROJECT_VERSION = 1;
				DEVELOPMENT_ASSET_PATHS = "\"BuildNetflixClone/Preview Content\"";
				DEVELOPMENT_TEAM = FZYRH5V929;
				ENABLE_PREVIEWS = YES;
				GENERATE_INFOPLIST_FILE = YES;
				INFOPLIST_KEY_UIApplicationSceneManifest_Generation = YES;
				INFOPLIST_KEY_UIApplicationSupportsIndirectInputEvents = YES;
				INFOPLIST_KEY_UILaunchScreen_Generation = YES;
				INFOPLIST_KEY_UISupportedInterfaceOrientations_iPad = "UIInterfaceOrientationPortrait UIInterfaceOrientationPortraitUpsideDown UIInterfaceOrientationLandscapeLeft UIInterfaceOrientationLandscapeRight";
				INFOPLIST_KEY_UISupportedInterfaceOrientations_iPhone = "UIInterfaceOrientationPortrait UIInterfaceOrientationLandscapeLeft UIInterfaceOrientationLandscapeRight";
				LD_RUNPATH_SEARCH_PATHS = (
					"$(inherited)",
					"@executable_path/Frameworks",
				);
				MARKETING_VERSION = 1.0;
				PRODUCT_BUNDLE_IDENTIFIER = com.alandisseals.BuildNetflixClone;
				PRODUCT_NAME = "$(TARGET_NAME)";
				SWIFT_EMIT_LOC_STRINGS = YES;
				SWIFT_VERSION = 5.0;
				TARGETED_DEVICE_FAMILY = "1,2";
			};
			name = Debug;
		};
		C669A844282C0D2200438E40 /* Release */ = {
			isa = XCBuildConfiguration;
			buildSettings = {
				ASSETCATALOG_COMPILER_APPICON_NAME = AppIcon;
				ASSETCATALOG_COMPILER_GLOBAL_ACCENT_COLOR_NAME = AccentColor;
				CODE_SIGN_STYLE = Automatic;
				CURRENT_PROJECT_VERSION = 1;
				DEVELOPMENT_ASSET_PATHS = "\"BuildNetflixClone/Preview Content\"";
				DEVELOPMENT_TEAM = FZYRH5V929;
				ENABLE_PREVIEWS = YES;
				GENERATE_INFOPLIST_FILE = YES;
				INFOPLIST_KEY_UIApplicationSceneManifest_Generation = YES;
				INFOPLIST_KEY_UIApplicationSupportsIndirectInputEvents = YES;
				INFOPLIST_KEY_UILaunchScreen_Generation = YES;
				INFOPLIST_KEY_UISupportedInterfaceOrientations_iPad = "UIInterfaceOrientationPortrait UIInterfaceOrientationPortraitUpsideDown UIInterfaceOrientationLandscapeLeft UIInterfaceOrientationLandscapeRight";
				INFOPLIST_KEY_UISupportedInterfaceOrientations_iPhone = "UIInterfaceOrientationPortrait UIInterfaceOrientationLandscapeLeft UIInterfaceOrientationLandscapeRight";
				LD_RUNPATH_SEARCH_PATHS = (
					"$(inherited)",
					"@executable_path/Frameworks",
				);
				MARKETING_VERSION = 1.0;
				PRODUCT_BUNDLE_IDENTIFIER = com.alandisseals.BuildNetflixClone;
				PRODUCT_NAME = "$(TARGET_NAME)";
				SWIFT_EMIT_LOC_STRINGS = YES;
				SWIFT_VERSION = 5.0;
				TARGETED_DEVICE_FAMILY = "1,2";
			};
			name = Release;
		};
/* End XCBuildConfiguration section */

/* Begin XCConfigurationList section */
		C669A82F282C0D2100438E40 /* Build configuration list for PBXProject "BuildNetflixClone" */ = {
			isa = XCConfigurationList;
			buildConfigurations = (
				C669A840282C0D2200438E40 /* Debug */,
				C669A841282C0D2200438E40 /* Release */,
			);
			defaultConfigurationIsVisible = 0;
			defaultConfigurationName = Release;
		};
		C669A842282C0D2200438E40 /* Build configuration list for PBXNativeTarget "BuildNetflixClone" */ = {
			isa = XCConfigurationList;
			buildConfigurations = (
				C669A843282C0D2200438E40 /* Debug */,
				C669A844282C0D2200438E40 /* Release */,
			);
			defaultConfigurationIsVisible = 0;
			defaultConfigurationName = Release;
		};
/* End XCConfigurationList section */

/* Begin XCRemoteSwiftPackageReference section */
		C669A848282C106300438E40 /* XCRemoteSwiftPackageReference "Kingfisher" */ = {
			isa = XCRemoteSwiftPackageReference;
			repositoryURL = "https://github.com/onevcat/Kingfisher.git";
			requirement = {
				kind = upToNextMajorVersion;
				minimumVersion = 7.0.0;
			};
		};
/* End XCRemoteSwiftPackageReference section */

/* Begin XCSwiftPackageProductDependency section */
		C669A849282C106300438E40 /* Kingfisher */ = {
			isa = XCSwiftPackageProductDependency;
			package = C669A848282C106300438E40 /* XCRemoteSwiftPackageReference "Kingfisher" */;
			productName = Kingfisher;
		};
/* End XCSwiftPackageProductDependency section */
	};
	rootObject = C669A82C282C0D2100438E40 /* Project object */;
}
